// !$*UTF8*$!
{
	archiveVersion = 1;
	classes = {
	};
	objectVersion = 46;
	objects = {

/* Begin PBXBuildFile section */
		CD7750EA1D0085450052F454 /* main.m in Sources */ = {isa = PBXBuildFile; fileRef = CD7750E91D0085450052F454 /* main.m */; };
		CD7750ED1D0085450052F454 /* AppDelegate.m in Sources */ = {isa = PBXBuildFile; fileRef = CD7750EC1D0085450052F454 /* AppDelegate.m */; };
		CD7750F01D0085450052F454 /* ViewController.m in Sources */ = {isa = PBXBuildFile; fileRef = CD7750EF1D0085450052F454 /* ViewController.m */; };
		CD7750F31D0085450052F454 /* Main.storyboard in Resources */ = {isa = PBXBuildFile; fileRef = CD7750F11D0085450052F454 /* Main.storyboard */; };
		CD7750F61D0085450052F454 /* lab03.xcdatamodeld in Sources */ = {isa = PBXBuildFile; fileRef = CD7750F41D0085450052F454 /* lab03.xcdatamodeld */; };
		CD7750F81D0085450052F454 /* Assets.xcassets in Resources */ = {isa = PBXBuildFile; fileRef = CD7750F71D0085450052F454 /* Assets.xcassets */; };
		CD7750FB1D0085450052F454 /* LaunchScreen.storyboard in Resources */ = {isa = PBXBuildFile; fileRef = CD7750F91D0085450052F454 /* LaunchScreen.storyboard */; };
/* End PBXBuildFile section */

/* Begin PBXFileReference section */
		CD7750E51D0085450052F454 /* lab03.app */ = {isa = PBXFileReference; explicitFileType = wrapper.application; includeInIndex = 0; path = lab03.app; sourceTree = BUILT_PRODUCTS_DIR; };
		CD7750E91D0085450052F454 /* main.m */ = {isa = PBXFileReference; lastKnownFileType = sourcecode.c.objc; path = main.m; sourceTree = "<group>"; };
		CD7750EB1D0085450052F454 /* AppDelegate.h */ = {isa = PBXFileReference; lastKnownFileType = sourcecode.c.h; path = AppDelegate.h; sourceTree = "<group>"; };
		CD7750EC1D0085450052F454 /* AppDelegate.m */ = {isa = PBXFileReference; lastKnownFileType = sourcecode.c.objc; path = AppDelegate.m; sourceTree = "<group>"; };
		CD7750EE1D0085450052F454 /* ViewController.h */ = {isa = PBXFileReference; lastKnownFileType = sourcecode.c.h; path = ViewController.h; sourceTree = "<group>"; };
		CD7750EF1D0085450052F454 /* ViewController.m */ = {isa = PBXFileReference; lastKnownFileType = sourcecode.c.objc; path = ViewController.m; sourceTree = "<group>"; };
		CD7750F21D0085450052F454 /* Base */ = {isa = PBXFileReference; lastKnownFileType = file.storyboard; name = Base; path = Base.lproj/Main.storyboard; sourceTree = "<group>"; };
		CD7750F51D0085450052F454 /* lab03.xcdatamodel */ = {isa = PBXFileReference; lastKnownFileType = wrapper.xcdatamodel; path = lab03.xcdatamodel; sourceTree = "<group>"; };
		CD7750F71D0085450052F454 /* Assets.xcassets */ = {isa = PBXFileReference; lastKnownFileType = folder.assetcatalog; path = Assets.xcassets; sourceTree = "<group>"; };
		CD7750FA1D0085450052F454 /* Base */ = {isa = PBXFileReference; lastKnownFileType = file.storyboard; name = Base; path = Base.lproj/LaunchScreen.storyboard; sourceTree = "<group>"; };
		CD7750FC1D0085450052F454 /* Info.plist */ = {isa = PBXFileReference; lastKnownFileType = text.plist.xml; path = Info.plist; sourceTree = "<group>"; };
/* End PBXFileReference section */

/* Begin PBXFrameworksBuildPhase section */
		CD7750E21D0085440052F454 /* Frameworks */ = {
			isa = PBXFrameworksBuildPhase;
			buildActionMask = 2147483647;
			files = (
			);
			runOnlyForDeploymentPostprocessing = 0;
		};
/* End PBXFrameworksBuildPhase section */

/* Begin PBXGroup section */
		CD7750DC1D0085440052F454 = {
			isa = PBXGroup;
			children = (
				CD7750E71D0085450052F454 /* lab03 */,
				CD7750E61D0085450052F454 /* Products */,
			);
			sourceTree = "<group>";
		};
		CD7750E61D0085450052F454 /* Products */ = {
			isa = PBXGroup;
			children = (
				CD7750E51D0085450052F454 /* lab03.app */,
			);
			name = Products;
			sourceTree = "<group>";
		};
		CD7750E71D0085450052F454 /* lab03 */ = {
			isa = PBXGroup;
			children = (
				CD7750EB1D0085450052F454 /* AppDelegate.h */,
				CD7750EC1D0085450052F454 /* AppDelegate.m */,
				CD7750EE1D0085450052F454 /* ViewController.h */,
				CD7750EF1D0085450052F454 /* ViewController.m */,
				CD7750F11D0085450052F454 /* Main.storyboard */,
				CD7750F71D0085450052F454 /* Assets.xcassets */,
				CD7750F91D0085450052F454 /* LaunchScreen.storyboard */,
				CD7750FC1D0085450052F454 /* Info.plist */,
				CD7750F41D0085450052F454 /* lab03.xcdatamodeld */,
				CD7750E81D0085450052F454 /* Supporting Files */,
			);
			path = lab03;
			sourceTree = "<group>";
		};
		CD7750E81D0085450052F454 /* Supporting Files */ = {
			isa = PBXGroup;
			children = (
				CD7750E91D0085450052F454 /* main.m */,
			);
			name = "Supporting Files";
			sourceTree = "<group>";
		};
/* End PBXGroup section */

/* Begin PBXNativeTarget section */
		CD7750E41D0085440052F454 /* lab03 */ = {
			isa = PBXNativeTarget;
			buildConfigurationList = CD7750FF1D0085450052F454 /* Build configuration list for PBXNativeTarget "lab03" */;
			buildPhases = (
				CD7750E11D0085440052F454 /* Sources */,
				CD7750E21D0085440052F454 /* Frameworks */,
				CD7750E31D0085440052F454 /* Resources */,
			);
			buildRules = (
			);
			dependencies = (
			);
			name = lab03;
			productName = lab03;
			productReference = CD7750E51D0085450052F454 /* lab03.app */;
			productType = "com.apple.product-type.application";
		};
/* End PBXNativeTarget section */

/* Begin PBXProject section */
		CD7750DD1D0085440052F454 /* Project object */ = {
			isa = PBXProject;
			attributes = {
				LastUpgradeCheck = 0730;
				ORGANIZATIONNAME = EAVH;
				TargetAttributes = {
					CD7750E41D0085440052F454 = {
						CreatedOnToolsVersion = 7.3.1;
					};
				};
			};
			buildConfigurationList = CD7750E01D0085440052F454 /* Build configuration list for PBXProject "lab03" */;
			compatibilityVersion = "Xcode 3.2";
			developmentRegion = English;
			hasScannedForEncodings = 0;
			knownRegions = (
				en,
				Base,
			);
			mainGroup = CD7750DC1D0085440052F454;
			productRefGroup = CD7750E61D0085450052F454 /* Products */;
			projectDirPath = "";
			projectRoot = "";
			targets = (
				CD7750E41D0085440052F454 /* lab03 */,
			);
		};
/* End PBXProject section */

/* Begin PBXResourcesBuildPhase section */
		CD7750E31D0085440052F454 /* Resources */ = {
			isa = PBXResourcesBuildPhase;
			buildActionMask = 2147483647;
			files = (
				CD7750FB1D0085450052F454 /* LaunchScreen.storyboard in Resources */,
				CD7750F81D0085450052F454 /* Assets.xcassets in Resources */,
				CD7750F31D0085450052F454 /* Main.storyboard in Resources */,
			);
			runOnlyForDeploymentPostprocessing = 0;
		};
/* End PBXResourcesBuildPhase section */

/* Begin PBXSourcesBuildPhase section */
		CD7750E11D0085440052F454 /* Sources */ = {
			isa = PBXSourcesBuildPhase;
			buildActionMask = 2147483647;
			files = (
				CD7750F61D0085450052F454 /* lab03.xcdatamodeld in Sources */,
				CD7750F01D0085450052F454 /* ViewController.m in Sources */,
				CD7750ED1D0085450052F454 /* AppDelegate.m in Sources */,
				CD7750EA1D0085450052F454 /* main.m in Sources */,
			);
			runOnlyForDeploymentPostprocessing = 0;
		};
/* End PBXSourcesBuildPhase section */

/* Begin PBXVariantGroup section */
		CD7750F11D0085450052F454 /* Main.storyboard */ = {
			isa = PBXVariantGroup;
			children = (
				CD7750F21D0085450052F454 /* Base */,
			);
			name = Main.storyboard;
			sourceTree = "<group>";
		};
		CD7750F91D0085450052F454 /* LaunchScreen.storyboard */ = {
			isa = PBXVariantGroup;
			children = (
				CD7750FA1D0085450052F454 /* Base */,
			);
			name = LaunchScreen.storyboard;
			sourceTree = "<group>";
		};
/* End PBXVariantGroup section */

/* Begin XCBuildConfiguration section */
		CD7750FD1D0085450052F454 /* Debug */ = {
			isa = XCBuildConfiguration;
			buildSettings = {
				ALWAYS_SEARCH_USER_PATHS = NO;
				CLANG_ANALYZER_NONNULL = YES;
				CLANG_CXX_LANGUAGE_STANDARD = "gnu++0x";
				CLANG_CXX_LIBRARY = "libc++";
				CLANG_ENABLE_MODULES = YES;
				CLANG_ENABLE_OBJC_ARC = YES;
				CLANG_WARN_BOOL_CONVERSION = YES;
				CLANG_WARN_CONSTANT_CONVERSION = YES;
				CLANG_WARN_DIRECT_OBJC_ISA_USAGE = YES_ERROR;
				CLANG_WARN_EMPTY_BODY = YES;
				CLANG_WARN_ENUM_CONVERSION = YES;
				CLANG_WARN_INT_CONVERSION = YES;
				CLANG_WARN_OBJC_ROOT_CLASS = YES_ERROR;
				CLANG_WARN_UNREACHABLE_CODE = YES;
				CLANG_WARN__DUPLICATE_METHOD_MATCH = YES;
				"CODE_SIGN_IDENTITY[sdk=iphoneos*]" = "iPhone Developer";
				COPY_PHASE_STRIP = NO;
				DEBUG_INFORMATION_FORMAT = dwarf;
				ENABLE_STRICT_OBJC_MSGSEND = YES;
				ENABLE_TESTABILITY = YES;
				GCC_C_LANGUAGE_STANDARD = gnu99;
				GCC_DYNAMIC_NO_PIC = NO;
				GCC_NO_COMMON_BLOCKS = YES;
				GCC_OPTIMIZATION_LEVEL = 0;
				GCC_PREPROCESSOR_DEFINITIONS = (
					"DEBUG=1",
					"$(inherited)",
				);
				GCC_WARN_64_TO_32_BIT_CONVERSION = YES;
				GCC_WARN_ABOUT_RETURN_TYPE = YES_ERROR;
				GCC_WARN_UNDECLARED_SELECTOR = YES;
				GCC_WARN_UNINITIALIZED_AUTOS = YES_AGGRESSIVE;
				GCC_WARN_UNUSED_FUNCTION = YES;
				GCC_WARN_UNUSED_VARIABLE = YES;
				IPHONEOS_DEPLOYMENT_TARGET = 9.3;
				MTL_ENABLE_DEBUG_INFO = YES;
				ONLY_ACTIVE_ARCH = YES;
				SDKROOT = iphoneos;
			};
			name = Debug;
		};
		CD7750FE1D0085450052F454 /* Release */ = {
			isa = XCBuildConfiguration;
			buildSettings = {
				ALWAYS_SEARCH_USER_PATHS = NO;
				CLANG_ANALYZER_NONNULL = YES;
				CLANG_CXX_LANGUAGE_STANDARD = "gnu++0x";
				CLANG_CXX_LIBRARY = "libc++";
				CLANG_ENABLE_MODULES = YES;
				CLANG_ENABLE_OBJC_ARC = YES;
				CLANG_WARN_BOOL_CONVERSION = YES;
				CLANG_WARN_CONSTANT_CONVERSION = YES;
				CLANG_WARN_DIRECT_OBJC_ISA_USAGE = YES_ERROR;
				CLANG_WARN_EMPTY_BODY = YES;
				CLANG_WARN_ENUM_CONVERSION = YES;
				CLANG_WARN_INT_CONVERSION = YES;
				CLANG_WARN_OBJC_ROOT_CLASS = YES_ERROR;
				CLANG_WARN_UNREACHABLE_CODE = YES;
				CLANG_WARN__DUPLICATE_METHOD_MATCH = YES;
				"CODE_SIGN_IDENTITY[sdk=iphoneos*]" = "iPhone Developer";
				COPY_PHASE_STRIP = NO;
				DEBUG_INFORMATION_FORMAT = "dwarf-with-dsym";
				ENABLE_NS_ASSERTIONS = NO;
				ENABLE_STRICT_OBJC_MSGSEND = YES;
				GCC_C_LANGUAGE_STANDARD = gnu99;
				GCC_NO_COMMON_BLOCKS = YES;
				GCC_WARN_64_TO_32_BIT_CONVERSION = YES;
				GCC_WARN_ABOUT_RETURN_TYPE = YES_ERROR;
				GCC_WARN_UNDECLARED_SELECTOR = YES;
				GCC_WARN_UNINITIALIZED_AUTOS = YES_AGGRESSIVE;
				GCC_WARN_UNUSED_FUNCTION = YES;
				GCC_WARN_UNUSED_VARIABLE = YES;
				IPHONEOS_DEPLOYMENT_TARGET = 9.3;
				MTL_ENABLE_DEBUG_INFO = NO;
				SDKROOT = iphoneos;
				VALIDATE_PRODUCT = YES;
			};
			name = Release;
		};
		CD7751001D0085450052F454 /* Debug */ = {
			isa = XCBuildConfiguration;
			buildSettings = {
				ASSETCATALOG_COMPILER_APPICON_NAME = AppIcon;
				INFOPLIST_FILE = lab03/Info.plist;
				LD_RUNPATH_SEARCH_PATHS = "$(inherited) @executable_path/Frameworks";
				PRODUCT_BUNDLE_IDENTIFIER = com.eavh.lab03;
				PRODUCT_NAME = "$(TARGET_NAME)";
			};
			name = Debug;
		};
		CD7751011D0085450052F454 /* Release */ = {
			isa = XCBuildConfiguration;
			buildSettings = {
				ASSETCATALOG_COMPILER_APPICON_NAME = AppIcon;
				INFOPLIST_FILE = lab03/Info.plist;
				LD_RUNPATH_SEARCH_PATHS = "$(inherited) @executable_path/Frameworks";
				PRODUCT_BUNDLE_IDENTIFIER = com.eavh.lab03;
				PRODUCT_NAME = "$(TARGET_NAME)";
			};
			name = Release;
		};
/* End XCBuildConfiguration section */

/* Begin XCConfigurationList section */
		CD7750E01D0085440052F454 /* Build configuration list for PBXProject "lab03" */ = {
			isa = XCConfigurationList;
			buildConfigurations = (
				CD7750FD1D0085450052F454 /* Debug */,
				CD7750FE1D0085450052F454 /* Release */,
			);
			defaultConfigurationIsVisible = 0;
			defaultConfigurationName = Release;
		};
		CD7750FF1D0085450052F454 /* Build configuration list for PBXNativeTarget "lab03" */ = {
			isa = XCConfigurationList;
			buildConfigurations = (
				CD7751001D0085450052F454 /* Debug */,
				CD7751011D0085450052F454 /* Release */,
			);
			defaultConfigurationIsVisible = 0;
		};
/* End XCConfigurationList section */

/* Begin XCVersionGroup section */
		CD7750F41D0085450052F454 /* lab03.xcdatamodeld */ = {
			isa = XCVersionGroup;
			children = (
				CD7750F51D0085450052F454 /* lab03.xcdatamodel */,
			);
			currentVersion = CD7750F51D0085450052F454 /* lab03.xcdatamodel */;
			path = lab03.xcdatamodeld;
			sourceTree = "<group>";
			versionGroupType = wrapper.xcdatamodel;
		};
/* End XCVersionGroup section */
	};
	rootObject = CD7750DD1D0085440052F454 /* Project object */;
}
